
Microsoft Visual Studio Solution File, Format Version 12.00
# Visual Studio Version 16
VisualStudioVersion = 16.0.30104.148
MinimumVisualStudioVersion = 10.0.40219.1
Project("{8BC9CEB8-8B4A-11D0-8D11-00A0C91BC942}") = "AeroClient", "AeroClient\AeroClient.vcxproj", "{53350DAF-F92C-41D1-9A39-9CA14E913964}"
EndProject
Global
	GlobalSection(SolutionConfigurationPlatforms) = preSolution
		Debug|x64 = Debug|x64
		Debug|x86 = Debug|x86
		Release|x64 = Release|x64
		Release|x86 = Release|x86
	EndGlobalSection
	GlobalSection(ProjectConfigurationPlatforms) = postSolution
		{53350DAF-F92C-41D1-9A39-9CA14E913964}.Debug|x64.ActiveCfg = Debug|x64
		{53350DAF-F92C-41D1-9A39-9CA14E913964}.Debug|x64.Build.0 = Debug|x64
		{53350DAF-F92C-41D1-9A39-9CA14E913964}.Debug|x86.ActiveCfg = Debug|Win32
		{53350DAF-F92C-41D1-9A39-9CA14E913964}.Debug|x86.Build.0 = Debug|Win32
		{53350DAF-F92C-41D1-9A39-9CA14E913964}.Release|x64.ActiveCfg = Release|x64
		{53350DAF-F92C-41D1-9A39-9CA14E913964}.Release|x64.Build.0 = Release|x64
		{53350DAF-F92C-41D1-9A39-9CA14E913964}.Release|x86.ActiveCfg = Release|Win32
		{53350DAF-F92C-41D1-9A39-9CA14E913964}.Release|x86.Build.0 = Release|Win32
	EndGlobalSection
	GlobalSection(SolutionProperties) = preSolution
		HideSolutionNode = FALSE
	EndGlobalSection
	GlobalSection(ExtensibilityGlobals) = postSolution
		SolutionGuid = {56F24222-E853-4B66-966F-426489AC0C10}
	EndGlobalSection
EndGlobal
